
Microsoft Visual Studio Solution File, Format Version 12.00
# Visual Studio 14
VisualStudioVersion = 14.0.25420.1
MinimumVisualStudioVersion = 10.0.40219.1
Project("{FAE04EC0-301F-11D3-BF4B-00C04F79EFBC}") = "PublisherApp", "PublisherApp\PublisherApp.csproj", "{EADFBC7A-8A5F-4335-814E-F7B26ED56B55}"
EndProject
Global
	GlobalSection(SolutionConfigurationPlatforms) = preSolution
		Debug|Any CPU = Debug|Any CPU
		Release|Any CPU = Release|Any CPU
	EndGlobalSection
	GlobalSection(ProjectConfigurationPlatforms) = postSolution
		{EADFBC7A-8A5F-4335-814E-F7B26ED56B55}.Debug|Any CPU.ActiveCfg = Debug|Any CPU
		{EADFBC7A-8A5F-4335-814E-F7B26ED56B55}.Debug|Any CPU.Build.0 = Debug|Any CPU
		{EADFBC7A-8A5F-4335-814E-F7B26ED56B55}.Release|Any CPU.ActiveCfg = Release|Any CPU
		{EADFBC7A-8A5F-4335-814E-F7B26ED56B55}.Release|Any CPU.Build.0 = Release|Any CPU
	EndGlobalSection
	GlobalSection(SolutionProperties) = preSolution
		HideSolutionNode = FALSE
	EndGlobalSection
EndGlobal
